// !$*UTF8*$!
{
	archiveVersion = 1;
	classes = {
	};
	objectVersion = 46;
	objects = {

/* Begin PBXBuildFile section */
		9F3EFC0D1A99481A00E37147 /* LoginViewController.m in Sources */ = {isa = PBXBuildFile; fileRef = 9F3EFC0B1A99481A00E37147 /* LoginViewController.m */; };
		9F3EFC0E1A99481A00E37147 /* LoginViewController.xib in Resources */ = {isa = PBXBuildFile; fileRef = 9F3EFC0C1A99481A00E37147 /* LoginViewController.xib */; };
		9F578A901A98026C00705377 /* main.m in Sources */ = {isa = PBXBuildFile; fileRef = 9F578A8F1A98026C00705377 /* main.m */; };
		9F578A931A98026C00705377 /* AppDelegate.m in Sources */ = {isa = PBXBuildFile; fileRef = 9F578A921A98026C00705377 /* AppDelegate.m */; };
		9F578A9B1A98026C00705377 /* Images.xcassets in Resources */ = {isa = PBXBuildFile; fileRef = 9F578A9A1A98026C00705377 /* Images.xcassets */; };
		9F578A9E1A98026C00705377 /* LaunchScreen.xib in Resources */ = {isa = PBXBuildFile; fileRef = 9F578A9C1A98026C00705377 /* LaunchScreen.xib */; };
		9F578AAA1A98026C00705377 /* TwitterTests.m in Sources */ = {isa = PBXBuildFile; fileRef = 9F578AA91A98026C00705377 /* TwitterTests.m */; };
		9FE3C7AC1A9C6BFC00300C38 /* TwitterClient.m in Sources */ = {isa = PBXBuildFile; fileRef = 9FE3C7AB1A9C6BFC00300C38 /* TwitterClient.m */; };
		9FE3C7B01A9C73D500300C38 /* User.m in Sources */ = {isa = PBXBuildFile; fileRef = 9FE3C7AF1A9C73D500300C38 /* User.m */; };
		9FE3C7B31A9C73DC00300C38 /* Tweet.m in Sources */ = {isa = PBXBuildFile; fileRef = 9FE3C7B21A9C73DC00300C38 /* Tweet.m */; };
		9FE3C7B71A9C7B5F00300C38 /* TweetsViewController.m in Sources */ = {isa = PBXBuildFile; fileRef = 9FE3C7B51A9C7B5F00300C38 /* TweetsViewController.m */; };
		9FE3C7B81A9C7B5F00300C38 /* TweetsViewController.xib in Resources */ = {isa = PBXBuildFile; fileRef = 9FE3C7B61A9C7B5F00300C38 /* TweetsViewController.xib */; };
		CEA555C9841BA0A5E13494D2 /* libPods.a in Frameworks */ = {isa = PBXBuildFile; fileRef = 55936C8BF860A32CA8D4CD3C /* libPods.a */; };
/* End PBXBuildFile section */

/* Begin PBXContainerItemProxy section */
		9F578AA41A98026C00705377 /* PBXContainerItemProxy */ = {
			isa = PBXContainerItemProxy;
			containerPortal = 9F578A821A98026C00705377 /* Project object */;
			proxyType = 1;
			remoteGlobalIDString = 9F578A891A98026C00705377;
			remoteInfo = Twitter;
		};
/* End PBXContainerItemProxy section */

/* Begin PBXFileReference section */
		55936C8BF860A32CA8D4CD3C /* libPods.a */ = {isa = PBXFileReference; explicitFileType = archive.ar; includeInIndex = 0; path = libPods.a; sourceTree = BUILT_PRODUCTS_DIR; };
		9D10539F2DB1152D235D589F /* Pods.release.xcconfig */ = {isa = PBXFileReference; includeInIndex = 1; lastKnownFileType = text.xcconfig; name = Pods.release.xcconfig; path = "Pods/Target Support Files/Pods/Pods.release.xcconfig"; sourceTree = "<group>"; };
		9F3EFC0A1A99481A00E37147 /* LoginViewController.h */ = {isa = PBXFileReference; fileEncoding = 4; lastKnownFileType = sourcecode.c.h; path = LoginViewController.h; sourceTree = "<group>"; };
		9F3EFC0B1A99481A00E37147 /* LoginViewController.m */ = {isa = PBXFileReference; fileEncoding = 4; lastKnownFileType = sourcecode.c.objc; path = LoginViewController.m; sourceTree = "<group>"; };
		9F3EFC0C1A99481A00E37147 /* LoginViewController.xib */ = {isa = PBXFileReference; fileEncoding = 4; lastKnownFileType = file.xib; path = LoginViewController.xib; sourceTree = "<group>"; };
		9F578A8A1A98026C00705377 /* Twitter.app */ = {isa = PBXFileReference; explicitFileType = wrapper.application; includeInIndex = 0; path = Twitter.app; sourceTree = BUILT_PRODUCTS_DIR; };
		9F578A8E1A98026C00705377 /* Info.plist */ = {isa = PBXFileReference; lastKnownFileType = text.plist.xml; path = Info.plist; sourceTree = "<group>"; };
		9F578A8F1A98026C00705377 /* main.m */ = {isa = PBXFileReference; lastKnownFileType = sourcecode.c.objc; path = main.m; sourceTree = "<group>"; };
		9F578A911A98026C00705377 /* AppDelegate.h */ = {isa = PBXFileReference; lastKnownFileType = sourcecode.c.h; path = AppDelegate.h; sourceTree = "<group>"; };
		9F578A921A98026C00705377 /* AppDelegate.m */ = {isa = PBXFileReference; lastKnownFileType = sourcecode.c.objc; path = AppDelegate.m; sourceTree = "<group>"; };
		9F578A9A1A98026C00705377 /* Images.xcassets */ = {isa = PBXFileReference; lastKnownFileType = folder.assetcatalog; path = Images.xcassets; sourceTree = "<group>"; };
		9F578A9D1A98026C00705377 /* Base */ = {isa = PBXFileReference; lastKnownFileType = file.xib; name = Base; path = Base.lproj/LaunchScreen.xib; sourceTree = "<group>"; };
		9F578AA31A98026C00705377 /* TwitterTests.xctest */ = {isa = PBXFileReference; explicitFileType = wrapper.cfbundle; includeInIndex = 0; path = TwitterTests.xctest; sourceTree = BUILT_PRODUCTS_DIR; };
		9F578AA81A98026C00705377 /* Info.plist */ = {isa = PBXFileReference; lastKnownFileType = text.plist.xml; path = Info.plist; sourceTree = "<group>"; };
		9F578AA91A98026C00705377 /* TwitterTests.m */ = {isa = PBXFileReference; lastKnownFileType = sourcecode.c.objc; path = TwitterTests.m; sourceTree = "<group>"; };
		9FE3C7AA1A9C6BFC00300C38 /* TwitterClient.h */ = {isa = PBXFileReference; fileEncoding = 4; lastKnownFileType = sourcecode.c.h; path = TwitterClient.h; sourceTree = "<group>"; };
		9FE3C7AB1A9C6BFC00300C38 /* TwitterClient.m */ = {isa = PBXFileReference; fileEncoding = 4; lastKnownFileType = sourcecode.c.objc; path = TwitterClient.m; sourceTree = "<group>"; };
		9FE3C7AE1A9C73D500300C38 /* User.h */ = {isa = PBXFileReference; fileEncoding = 4; lastKnownFileType = sourcecode.c.h; path = User.h; sourceTree = "<group>"; };
		9FE3C7AF1A9C73D500300C38 /* User.m */ = {isa = PBXFileReference; fileEncoding = 4; lastKnownFileType = sourcecode.c.objc; path = User.m; sourceTree = "<group>"; };
		9FE3C7B11A9C73DC00300C38 /* Tweet.h */ = {isa = PBXFileReference; fileEncoding = 4; lastKnownFileType = sourcecode.c.h; path = Tweet.h; sourceTree = "<group>"; };
		9FE3C7B21A9C73DC00300C38 /* Tweet.m */ = {isa = PBXFileReference; fileEncoding = 4; lastKnownFileType = sourcecode.c.objc; path = Tweet.m; sourceTree = "<group>"; };
		9FE3C7B41A9C7B5F00300C38 /* TweetsViewController.h */ = {isa = PBXFileReference; fileEncoding = 4; lastKnownFileType = sourcecode.c.h; path = TweetsViewController.h; sourceTree = "<group>"; };
		9FE3C7B51A9C7B5F00300C38 /* TweetsViewController.m */ = {isa = PBXFileReference; fileEncoding = 4; lastKnownFileType = sourcecode.c.objc; path = TweetsViewController.m; sourceTree = "<group>"; };
		9FE3C7B61A9C7B5F00300C38 /* TweetsViewController.xib */ = {isa = PBXFileReference; fileEncoding = 4; lastKnownFileType = file.xib; path = TweetsViewController.xib; sourceTree = "<group>"; };
		D3A4E712F63413424EFCF3CB /* Pods.debug.xcconfig */ = {isa = PBXFileReference; includeInIndex = 1; lastKnownFileType = text.xcconfig; name = Pods.debug.xcconfig; path = "Pods/Target Support Files/Pods/Pods.debug.xcconfig"; sourceTree = "<group>"; };
/* End PBXFileReference section */

/* Begin PBXFrameworksBuildPhase section */
		9F578A871A98026C00705377 /* Frameworks */ = {
			isa = PBXFrameworksBuildPhase;
			buildActionMask = 2147483647;
			files = (
				CEA555C9841BA0A5E13494D2 /* libPods.a in Frameworks */,
			);
			runOnlyForDeploymentPostprocessing = 0;
		};
		9F578AA01A98026C00705377 /* Frameworks */ = {
			isa = PBXFrameworksBuildPhase;
			buildActionMask = 2147483647;
			files = (
			);
			runOnlyForDeploymentPostprocessing = 0;
		};
/* End PBXFrameworksBuildPhase section */

/* Begin PBXGroup section */
		9F3EFC091A9947FA00E37147 /* View Controllers */ = {
			isa = PBXGroup;
			children = (
				9F3EFC0A1A99481A00E37147 /* LoginViewController.h */,
				9F3EFC0B1A99481A00E37147 /* LoginViewController.m */,
				9F3EFC0C1A99481A00E37147 /* LoginViewController.xib */,
				9FE3C7B41A9C7B5F00300C38 /* TweetsViewController.h */,
				9FE3C7B51A9C7B5F00300C38 /* TweetsViewController.m */,
				9FE3C7B61A9C7B5F00300C38 /* TweetsViewController.xib */,
			);
			name = "View Controllers";
			sourceTree = "<group>";
		};
		9F578A811A98026C00705377 = {
			isa = PBXGroup;
			children = (
				9F578A8C1A98026C00705377 /* Twitter */,
				9F578AA61A98026C00705377 /* TwitterTests */,
				9F578A8B1A98026C00705377 /* Products */,
				BE1C3E02AF3C89A1733A29AF /* Pods */,
				F37C3F429AF704A30AC25333 /* Frameworks */,
			);
			sourceTree = "<group>";
		};
		9F578A8B1A98026C00705377 /* Products */ = {
			isa = PBXGroup;
			children = (
				9F578A8A1A98026C00705377 /* Twitter.app */,
				9F578AA31A98026C00705377 /* TwitterTests.xctest */,
			);
			name = Products;
			sourceTree = "<group>";
		};
		9F578A8C1A98026C00705377 /* Twitter */ = {
			isa = PBXGroup;
			children = (
				9FE3C7AD1A9C73CA00300C38 /* Models */,
				9F3EFC091A9947FA00E37147 /* View Controllers */,
				9F578A911A98026C00705377 /* AppDelegate.h */,
				9F578A921A98026C00705377 /* AppDelegate.m */,
				9F578A9A1A98026C00705377 /* Images.xcassets */,
				9F578A9C1A98026C00705377 /* LaunchScreen.xib */,
				9F578A8D1A98026C00705377 /* Supporting Files */,
				9FE3C7AA1A9C6BFC00300C38 /* TwitterClient.h */,
				9FE3C7AB1A9C6BFC00300C38 /* TwitterClient.m */,
			);
			path = Twitter;
			sourceTree = "<group>";
		};
		9F578A8D1A98026C00705377 /* Supporting Files */ = {
			isa = PBXGroup;
			children = (
				9F578A8E1A98026C00705377 /* Info.plist */,
				9F578A8F1A98026C00705377 /* main.m */,
			);
			name = "Supporting Files";
			sourceTree = "<group>";
		};
		9F578AA61A98026C00705377 /* TwitterTests */ = {
			isa = PBXGroup;
			children = (
				9F578AA91A98026C00705377 /* TwitterTests.m */,
				9F578AA71A98026C00705377 /* Supporting Files */,
			);
			path = TwitterTests;
			sourceTree = "<group>";
		};
		9F578AA71A98026C00705377 /* Supporting Files */ = {
			isa = PBXGroup;
			children = (
				9F578AA81A98026C00705377 /* Info.plist */,
			);
			name = "Supporting Files";
			sourceTree = "<group>";
		};
		9FE3C7AD1A9C73CA00300C38 /* Models */ = {
			isa = PBXGroup;
			children = (
				9FE3C7AE1A9C73D500300C38 /* User.h */,
				9FE3C7AF1A9C73D500300C38 /* User.m */,
				9FE3C7B11A9C73DC00300C38 /* Tweet.h */,
				9FE3C7B21A9C73DC00300C38 /* Tweet.m */,
			);
			name = Models;
			sourceTree = "<group>";
		};
		BE1C3E02AF3C89A1733A29AF /* Pods */ = {
			isa = PBXGroup;
			children = (
				D3A4E712F63413424EFCF3CB /* Pods.debug.xcconfig */,
				9D10539F2DB1152D235D589F /* Pods.release.xcconfig */,
			);
			name = Pods;
			sourceTree = "<group>";
		};
		F37C3F429AF704A30AC25333 /* Frameworks */ = {
			isa = PBXGroup;
			children = (
				55936C8BF860A32CA8D4CD3C /* libPods.a */,
			);
			name = Frameworks;
			sourceTree = "<group>";
		};
/* End PBXGroup section */

/* Begin PBXNativeTarget section */
		9F578A891A98026C00705377 /* Twitter */ = {
			isa = PBXNativeTarget;
			buildConfigurationList = 9F578AAD1A98026C00705377 /* Build configuration list for PBXNativeTarget "Twitter" */;
			buildPhases = (
				44E0ED824B02B0C80954B417 /* Check Pods Manifest.lock */,
				9F578A861A98026C00705377 /* Sources */,
				9F578A871A98026C00705377 /* Frameworks */,
				9F578A881A98026C00705377 /* Resources */,
				9CEEEE1DF03B51109D1FA28A /* Copy Pods Resources */,
			);
			buildRules = (
			);
			dependencies = (
			);
			name = Twitter;
			productName = Twitter;
			productReference = 9F578A8A1A98026C00705377 /* Twitter.app */;
			productType = "com.apple.product-type.application";
		};
		9F578AA21A98026C00705377 /* TwitterTests */ = {
			isa = PBXNativeTarget;
			buildConfigurationList = 9F578AB01A98026C00705377 /* Build configuration list for PBXNativeTarget "TwitterTests" */;
			buildPhases = (
				9F578A9F1A98026C00705377 /* Sources */,
				9F578AA01A98026C00705377 /* Frameworks */,
				9F578AA11A98026C00705377 /* Resources */,
			);
			buildRules = (
			);
			dependencies = (
				9F578AA51A98026C00705377 /* PBXTargetDependency */,
			);
			name = TwitterTests;
			productName = TwitterTests;
			productReference = 9F578AA31A98026C00705377 /* TwitterTests.xctest */;
			productType = "com.apple.product-type.bundle.unit-test";
		};
/* End PBXNativeTarget section */

/* Begin PBXProject section */
		9F578A821A98026C00705377 /* Project object */ = {
			isa = PBXProject;
			attributes = {
				LastUpgradeCheck = 0610;
				ORGANIZATIONNAME = "Neal Wu";
				TargetAttributes = {
					9F578A891A98026C00705377 = {
						CreatedOnToolsVersion = 6.1.1;
					};
					9F578AA21A98026C00705377 = {
						CreatedOnToolsVersion = 6.1.1;
						TestTargetID = 9F578A891A98026C00705377;
					};
				};
			};
			buildConfigurationList = 9F578A851A98026C00705377 /* Build configuration list for PBXProject "Twitter" */;
			compatibilityVersion = "Xcode 3.2";
			developmentRegion = English;
			hasScannedForEncodings = 0;
			knownRegions = (
				en,
				Base,
			);
			mainGroup = 9F578A811A98026C00705377;
			productRefGroup = 9F578A8B1A98026C00705377 /* Products */;
			projectDirPath = "";
			projectRoot = "";
			targets = (
				9F578A891A98026C00705377 /* Twitter */,
				9F578AA21A98026C00705377 /* TwitterTests */,
			);
		};
/* End PBXProject section */

/* Begin PBXResourcesBuildPhase section */
		9F578A881A98026C00705377 /* Resources */ = {
			isa = PBXResourcesBuildPhase;
			buildActionMask = 2147483647;
			files = (
				9FE3C7B81A9C7B5F00300C38 /* TweetsViewController.xib in Resources */,
				9F578A9E1A98026C00705377 /* LaunchScreen.xib in Resources */,
				9F578A9B1A98026C00705377 /* Images.xcassets in Resources */,
				9F3EFC0E1A99481A00E37147 /* LoginViewController.xib in Resources */,
			);
			runOnlyForDeploymentPostprocessing = 0;
		};
		9F578AA11A98026C00705377 /* Resources */ = {
			isa = PBXResourcesBuildPhase;
			buildActionMask = 2147483647;
			files = (
			);
			runOnlyForDeploymentPostprocessing = 0;
		};
/* End PBXResourcesBuildPhase section */

/* Begin PBXShellScriptBuildPhase section */
		44E0ED824B02B0C80954B417 /* Check Pods Manifest.lock */ = {
			isa = PBXShellScriptBuildPhase;
			buildActionMask = 2147483647;
			files = (
			);
			inputPaths = (
			);
			name = "Check Pods Manifest.lock";
			outputPaths = (
			);
			runOnlyForDeploymentPostprocessing = 0;
			shellPath = /bin/sh;
			shellScript = "diff \"${PODS_ROOT}/../Podfile.lock\" \"${PODS_ROOT}/Manifest.lock\" > /dev/null\nif [[ $? != 0 ]] ; then\n    cat << EOM\nerror: The sandbox is not in sync with the Podfile.lock. Run 'pod install' or update your CocoaPods installation.\nEOM\n    exit 1\nfi\n";
			showEnvVarsInLog = 0;
		};
		9CEEEE1DF03B51109D1FA28A /* Copy Pods Resources */ = {
			isa = PBXShellScriptBuildPhase;
			buildActionMask = 2147483647;
			files = (
			);
			inputPaths = (
			);
			name = "Copy Pods Resources";
			outputPaths = (
			);
			runOnlyForDeploymentPostprocessing = 0;
			shellPath = /bin/sh;
			shellScript = "\"${SRCROOT}/Pods/Target Support Files/Pods/Pods-resources.sh\"\n";
			showEnvVarsInLog = 0;
		};
/* End PBXShellScriptBuildPhase section */

/* Begin PBXSourcesBuildPhase section */
		9F578A861A98026C00705377 /* Sources */ = {
			isa = PBXSourcesBuildPhase;
			buildActionMask = 2147483647;
			files = (
				9FE3C7B01A9C73D500300C38 /* User.m in Sources */,
				9FE3C7AC1A9C6BFC00300C38 /* TwitterClient.m in Sources */,
				9F578A931A98026C00705377 /* AppDelegate.m in Sources */,
				9FE3C7B31A9C73DC00300C38 /* Tweet.m in Sources */,
				9F578A901A98026C00705377 /* main.m in Sources */,
				9F3EFC0D1A99481A00E37147 /* LoginViewController.m in Sources */,
				9FE3C7B71A9C7B5F00300C38 /* TweetsViewController.m in Sources */,
			);
			runOnlyForDeploymentPostprocessing = 0;
		};
		9F578A9F1A98026C00705377 /* Sources */ = {
			isa = PBXSourcesBuildPhase;
			buildActionMask = 2147483647;
			files = (
				9F578AAA1A98026C00705377 /* TwitterTests.m in Sources */,
			);
			runOnlyForDeploymentPostprocessing = 0;
		};
/* End PBXSourcesBuildPhase section */

/* Begin PBXTargetDependency section */
		9F578AA51A98026C00705377 /* PBXTargetDependency */ = {
			isa = PBXTargetDependency;
			target = 9F578A891A98026C00705377 /* Twitter */;
			targetProxy = 9F578AA41A98026C00705377 /* PBXContainerItemProxy */;
		};
/* End PBXTargetDependency section */

/* Begin PBXVariantGroup section */
		9F578A9C1A98026C00705377 /* LaunchScreen.xib */ = {
			isa = PBXVariantGroup;
			children = (
				9F578A9D1A98026C00705377 /* Base */,
			);
			name = LaunchScreen.xib;
			sourceTree = "<group>";
		};
/* End PBXVariantGroup section */

/* Begin XCBuildConfiguration section */
		9F578AAB1A98026C00705377 /* Debug */ = {
			isa = XCBuildConfiguration;
			buildSettings = {
				ALWAYS_SEARCH_USER_PATHS = NO;
				CLANG_CXX_LANGUAGE_STANDARD = "gnu++0x";
				CLANG_CXX_LIBRARY = "libc++";
				CLANG_ENABLE_MODULES = YES;
				CLANG_ENABLE_OBJC_ARC = YES;
				CLANG_WARN_BOOL_CONVERSION = YES;
				CLANG_WARN_CONSTANT_CONVERSION = YES;
				CLANG_WARN_DIRECT_OBJC_ISA_USAGE = YES_ERROR;
				CLANG_WARN_EMPTY_BODY = YES;
				CLANG_WARN_ENUM_CONVERSION = YES;
				CLANG_WARN_INT_CONVERSION = YES;
				CLANG_WARN_OBJC_ROOT_CLASS = YES_ERROR;
				CLANG_WARN_UNREACHABLE_CODE = YES;
				CLANG_WARN__DUPLICATE_METHOD_MATCH = YES;
				"CODE_SIGN_IDENTITY[sdk=iphoneos*]" = "iPhone Developer";
				COPY_PHASE_STRIP = NO;
				ENABLE_STRICT_OBJC_MSGSEND = YES;
				GCC_C_LANGUAGE_STANDARD = gnu99;
				GCC_DYNAMIC_NO_PIC = NO;
				GCC_OPTIMIZATION_LEVEL = 0;
				GCC_PREPROCESSOR_DEFINITIONS = (
					"DEBUG=1",
					"$(inherited)",
				);
				GCC_SYMBOLS_PRIVATE_EXTERN = NO;
				GCC_WARN_64_TO_32_BIT_CONVERSION = YES;
				GCC_WARN_ABOUT_RETURN_TYPE = YES_ERROR;
				GCC_WARN_UNDECLARED_SELECTOR = YES;
				GCC_WARN_UNINITIALIZED_AUTOS = YES_AGGRESSIVE;
				GCC_WARN_UNUSED_FUNCTION = YES;
				GCC_WARN_UNUSED_VARIABLE = YES;
				IPHONEOS_DEPLOYMENT_TARGET = 8.1;
				MTL_ENABLE_DEBUG_INFO = YES;
				ONLY_ACTIVE_ARCH = YES;
				SDKROOT = iphoneos;
			};
			name = Debug;
		};
		9F578AAC1A98026C00705377 /* Release */ = {
			isa = XCBuildConfiguration;
			buildSettings = {
				ALWAYS_SEARCH_USER_PATHS = NO;
				CLANG_CXX_LANGUAGE_STANDARD = "gnu++0x";
				CLANG_CXX_LIBRARY = "libc++";
				CLANG_ENABLE_MODULES = YES;
				CLANG_ENABLE_OBJC_ARC = YES;
				CLANG_WARN_BOOL_CONVERSION = YES;
				CLANG_WARN_CONSTANT_CONVERSION = YES;
				CLANG_WARN_DIRECT_OBJC_ISA_USAGE = YES_ERROR;
				CLANG_WARN_EMPTY_BODY = YES;
				CLANG_WARN_ENUM_CONVERSION = YES;
				CLANG_WARN_INT_CONVERSION = YES;
				CLANG_WARN_OBJC_ROOT_CLASS = YES_ERROR;
				CLANG_WARN_UNREACHABLE_CODE = YES;
				CLANG_WARN__DUPLICATE_METHOD_MATCH = YES;
				"CODE_SIGN_IDENTITY[sdk=iphoneos*]" = "iPhone Developer";
				COPY_PHASE_STRIP = YES;
				ENABLE_NS_ASSERTIONS = NO;
				ENABLE_STRICT_OBJC_MSGSEND = YES;
				GCC_C_LANGUAGE_STANDARD = gnu99;
				GCC_WARN_64_TO_32_BIT_CONVERSION = YES;
				GCC_WARN_ABOUT_RETURN_TYPE = YES_ERROR;
				GCC_WARN_UNDECLARED_SELECTOR = YES;
				GCC_WARN_UNINITIALIZED_AUTOS = YES_AGGRESSIVE;
				GCC_WARN_UNUSED_FUNCTION = YES;
				GCC_WARN_UNUSED_VARIABLE = YES;
				IPHONEOS_DEPLOYMENT_TARGET = 8.1;
				MTL_ENABLE_DEBUG_INFO = NO;
				SDKROOT = iphoneos;
				VALIDATE_PRODUCT = YES;
			};
			name = Release;
		};
		9F578AAE1A98026C00705377 /* Debug */ = {
			isa = XCBuildConfiguration;
			baseConfigurationReference = D3A4E712F63413424EFCF3CB /* Pods.debug.xcconfig */;
			buildSettings = {
				ASSETCATALOG_COMPILER_APPICON_NAME = AppIcon;
				INFOPLIST_FILE = Twitter/Info.plist;
				LD_RUNPATH_SEARCH_PATHS = "$(inherited) @executable_path/Frameworks";
				PRODUCT_NAME = "$(TARGET_NAME)";
			};
			name = Debug;
		};
		9F578AAF1A98026C00705377 /* Release */ = {
			isa = XCBuildConfiguration;
			baseConfigurationReference = 9D10539F2DB1152D235D589F /* Pods.release.xcconfig */;
			buildSettings = {
				ASSETCATALOG_COMPILER_APPICON_NAME = AppIcon;
				INFOPLIST_FILE = Twitter/Info.plist;
				LD_RUNPATH_SEARCH_PATHS = "$(inherited) @executable_path/Frameworks";
				PRODUCT_NAME = "$(TARGET_NAME)";
			};
			name = Release;
		};
		9F578AB11A98026C00705377 /* Debug */ = {
			isa = XCBuildConfiguration;
			buildSettings = {
				BUNDLE_LOADER = "$(TEST_HOST)";
				FRAMEWORK_SEARCH_PATHS = (
					"$(SDKROOT)/Developer/Library/Frameworks",
					"$(inherited)",
				);
				GCC_PREPROCESSOR_DEFINITIONS = (
					"DEBUG=1",
					"$(inherited)",
				);
				INFOPLIST_FILE = TwitterTests/Info.plist;
				LD_RUNPATH_SEARCH_PATHS = "$(inherited) @executable_path/Frameworks @loader_path/Frameworks";
				PRODUCT_NAME = "$(TARGET_NAME)";
				TEST_HOST = "$(BUILT_PRODUCTS_DIR)/Twitter.app/Twitter";
			};
			name = Debug;
		};
		9F578AB21A98026C00705377 /* Release */ = {
			isa = XCBuildConfiguration;
			buildSettings = {
				BUNDLE_LOADER = "$(TEST_HOST)";
				FRAMEWORK_SEARCH_PATHS = (
					"$(SDKROOT)/Developer/Library/Frameworks",
					"$(inherited)",
				);
				INFOPLIST_FILE = TwitterTests/Info.plist;
				LD_RUNPATH_SEARCH_PATHS = "$(inherited) @executable_path/Frameworks @loader_path/Frameworks";
				PRODUCT_NAME = "$(TARGET_NAME)";
				TEST_HOST = "$(BUILT_PRODUCTS_DIR)/Twitter.app/Twitter";
			};
			name = Release;
		};
/* End XCBuildConfiguration section */

/* Begin XCConfigurationList section */
		9F578A851A98026C00705377 /* Build configuration list for PBXProject "Twitter" */ = {
			isa = XCConfigurationList;
			buildConfigurations = (
				9F578AAB1A98026C00705377 /* Debug */,
				9F578AAC1A98026C00705377 /* Release */,
			);
			defaultConfigurationIsVisible = 0;
			defaultConfigurationName = Release;
		};
		9F578AAD1A98026C00705377 /* Build configuration list for PBXNativeTarget "Twitter" */ = {
			isa = XCConfigurationList;
			buildConfigurations = (
				9F578AAE1A98026C00705377 /* Debug */,
				9F578AAF1A98026C00705377 /* Release */,
			);
			defaultConfigurationIsVisible = 0;
			defaultConfigurationName = Release;
		};
		9F578AB01A98026C00705377 /* Build configuration list for PBXNativeTarget "TwitterTests" */ = {
			isa = XCConfigurationList;
			buildConfigurations = (
				9F578AB11A98026C00705377 /* Debug */,
				9F578AB21A98026C00705377 /* Release */,
			);
			defaultConfigurationIsVisible = 0;
			defaultConfigurationName = Release;
		};
/* End XCConfigurationList section */
	};
	rootObject = 9F578A821A98026C00705377 /* Project object */;
}
